
Microsoft Visual Studio Solution File, Format Version 12.00
# Visual Studio Version 16
VisualStudioVersion = 16.0.31727.386
MinimumVisualStudioVersion = 10.0.40219.1
Project("{FAE04EC0-301F-11D3-BF4B-00C04F79EFBC}") = "ImplementacijaKruzneListe", "ImplementacijaKruzneListe\ImplementacijaKruzneListe.csproj", "{8F0D8013-C7F7-448C-92FD-5A228C88CFEB}"
EndProject
Global
	GlobalSection(SolutionConfigurationPlatforms) = preSolution
		Debug|Any CPU = Debug|Any CPU
		Release|Any CPU = Release|Any CPU
	EndGlobalSection
	GlobalSection(ProjectConfigurationPlatforms) = postSolution
		{8F0D8013-C7F7-448C-92FD-5A228C88CFEB}.Debug|Any CPU.ActiveCfg = Debug|Any CPU
		{8F0D8013-C7F7-448C-92FD-5A228C88CFEB}.Debug|Any CPU.Build.0 = Debug|Any CPU
		{8F0D8013-C7F7-448C-92FD-5A228C88CFEB}.Release|Any CPU.ActiveCfg = Release|Any CPU
		{8F0D8013-C7F7-448C-92FD-5A228C88CFEB}.Release|Any CPU.Build.0 = Release|Any CPU
	EndGlobalSection
	GlobalSection(SolutionProperties) = preSolution
		HideSolutionNode = FALSE
	EndGlobalSection
	GlobalSection(ExtensibilityGlobals) = postSolution
		SolutionGuid = {EB1DF9B3-D1B2-4642-94EE-F4FDA6A58D31}
	EndGlobalSection
EndGlobal
